
Microsoft Visual Studio Solution File, Format Version 12.00
# Visual Studio Version 17
VisualStudioVersion = 17.7.34202.233
MinimumVisualStudioVersion = 10.0.40219.1
Project("{FAE04EC0-301F-11D3-BF4B-00C04F79EFBC}") = "ex01", "ex01.csproj", "{E7FEB5E3-1D19-4C7C-900D-48D1FC81EA67}"
EndProject
Project("{FAE04EC0-301F-11D3-BF4B-00C04F79EFBC}") = "ex02", "..\ex02\ex02.csproj", "{AA021C87-BDCD-4C26-A812-85C39E3B766D}"
EndProject
Project("{FAE04EC0-301F-11D3-BF4B-00C04F79EFBC}") = "ex03", "..\ex03\ex03.csproj", "{9BDE097B-229D-4A61-AD6A-CB9967200B06}"
EndProject
Global
	GlobalSection(SolutionConfigurationPlatforms) = preSolution
		Debug|Any CPU = Debug|Any CPU
		Release|Any CPU = Release|Any CPU
	EndGlobalSection
	GlobalSection(ProjectConfigurationPlatforms) = postSolution
		{E7FEB5E3-1D19-4C7C-900D-48D1FC81EA67}.Debug|Any CPU.ActiveCfg = Debug|Any CPU
		{E7FEB5E3-1D19-4C7C-900D-48D1FC81EA67}.Debug|Any CPU.Build.0 = Debug|Any CPU
		{E7FEB5E3-1D19-4C7C-900D-48D1FC81EA67}.Release|Any CPU.ActiveCfg = Release|Any CPU
		{E7FEB5E3-1D19-4C7C-900D-48D1FC81EA67}.Release|Any CPU.Build.0 = Release|Any CPU
		{AA021C87-BDCD-4C26-A812-85C39E3B766D}.Debug|Any CPU.ActiveCfg = Debug|Any CPU
		{AA021C87-BDCD-4C26-A812-85C39E3B766D}.Debug|Any CPU.Build.0 = Debug|Any CPU
		{AA021C87-BDCD-4C26-A812-85C39E3B766D}.Release|Any CPU.ActiveCfg = Release|Any CPU
		{AA021C87-BDCD-4C26-A812-85C39E3B766D}.Release|Any CPU.Build.0 = Release|Any CPU
		{9BDE097B-229D-4A61-AD6A-CB9967200B06}.Debug|Any CPU.ActiveCfg = Debug|Any CPU
		{9BDE097B-229D-4A61-AD6A-CB9967200B06}.Debug|Any CPU.Build.0 = Debug|Any CPU
		{9BDE097B-229D-4A61-AD6A-CB9967200B06}.Release|Any CPU.ActiveCfg = Release|Any CPU
		{9BDE097B-229D-4A61-AD6A-CB9967200B06}.Release|Any CPU.Build.0 = Release|Any CPU
	EndGlobalSection
	GlobalSection(SolutionProperties) = preSolution
		HideSolutionNode = FALSE
	EndGlobalSection
	GlobalSection(ExtensibilityGlobals) = postSolution
		SolutionGuid = {AAF2BEC5-00DF-45C9-A103-BA961006236D}
	EndGlobalSection
EndGlobal
