
Microsoft Visual Studio Solution File, Format Version 12.00
# Visual Studio Version 17
VisualStudioVersion = 17.7.34202.233
MinimumVisualStudioVersion = 10.0.40219.1
Project("{FAE04EC0-301F-11D3-BF4B-00C04F79EFBC}") = "ex01", "ex01.csproj", "{E7FEB5E3-1D19-4C7C-900D-48D1FC81EA67}"
EndProject
Project("{FAE04EC0-301F-11D3-BF4B-00C04F79EFBC}") = "ex02", "..\ex02\ex02.csproj", "{AA021C87-BDCD-4C26-A812-85C39E3B766D}"
EndProject
Project("{FAE04EC0-301F-11D3-BF4B-00C04F79EFBC}") = "ex03", "..\ex03\ex03.csproj", "{9BDE097B-229D-4A61-AD6A-CB9967200B06}"
EndProject
Project("{FAE04EC0-301F-11D3-BF4B-00C04F79EFBC}") = "ex04", "..\ex04\ex04.csproj", "{D201E5EC-AA13-451B-BF04-6D93E180E47A}"
EndProject
Project("{FAE04EC0-301F-11D3-BF4B-00C04F79EFBC}") = "ex05", "..\ex05\ex05.csproj", "{9D60E9A6-4CFA-430C-BAE7-2956F6D73EDD}"
EndProject
Project("{FAE04EC0-301F-11D3-BF4B-00C04F79EFBC}") = "ex06", "..\ex06\ex06.csproj", "{C4173431-F5BC-490F-BA1A-4E960B61987F}"
EndProject
Project("{FAE04EC0-301F-11D3-BF4B-00C04F79EFBC}") = "ex07", "..\ex07\ex07.csproj", "{B3220F17-8E19-42FA-A6BD-FDBC3151429A}"
EndProject
Project("{FAE04EC0-301F-11D3-BF4B-00C04F79EFBC}") = "ec08", "..\ec08\ec08.csproj", "{B7B25BC1-21B8-492B-8734-3FFF45E2B63E}"
EndProject
Project("{FAE04EC0-301F-11D3-BF4B-00C04F79EFBC}") = "ex09", "..\ex09\ex09.csproj", "{3BEF4C15-7A57-4624-947C-F09F08BDAAEF}"
EndProject
Global
	GlobalSection(SolutionConfigurationPlatforms) = preSolution
		Debug|Any CPU = Debug|Any CPU
		Release|Any CPU = Release|Any CPU
	EndGlobalSection
	GlobalSection(ProjectConfigurationPlatforms) = postSolution
		{E7FEB5E3-1D19-4C7C-900D-48D1FC81EA67}.Debug|Any CPU.ActiveCfg = Debug|Any CPU
		{E7FEB5E3-1D19-4C7C-900D-48D1FC81EA67}.Debug|Any CPU.Build.0 = Debug|Any CPU
		{E7FEB5E3-1D19-4C7C-900D-48D1FC81EA67}.Release|Any CPU.ActiveCfg = Release|Any CPU
		{E7FEB5E3-1D19-4C7C-900D-48D1FC81EA67}.Release|Any CPU.Build.0 = Release|Any CPU
		{AA021C87-BDCD-4C26-A812-85C39E3B766D}.Debug|Any CPU.ActiveCfg = Debug|Any CPU
		{AA021C87-BDCD-4C26-A812-85C39E3B766D}.Debug|Any CPU.Build.0 = Debug|Any CPU
		{AA021C87-BDCD-4C26-A812-85C39E3B766D}.Release|Any CPU.ActiveCfg = Release|Any CPU
		{AA021C87-BDCD-4C26-A812-85C39E3B766D}.Release|Any CPU.Build.0 = Release|Any CPU
		{9BDE097B-229D-4A61-AD6A-CB9967200B06}.Debug|Any CPU.ActiveCfg = Debug|Any CPU
		{9BDE097B-229D-4A61-AD6A-CB9967200B06}.Debug|Any CPU.Build.0 = Debug|Any CPU
		{9BDE097B-229D-4A61-AD6A-CB9967200B06}.Release|Any CPU.ActiveCfg = Release|Any CPU
		{9BDE097B-229D-4A61-AD6A-CB9967200B06}.Release|Any CPU.Build.0 = Release|Any CPU
		{D201E5EC-AA13-451B-BF04-6D93E180E47A}.Debug|Any CPU.ActiveCfg = Debug|Any CPU
		{D201E5EC-AA13-451B-BF04-6D93E180E47A}.Debug|Any CPU.Build.0 = Debug|Any CPU
		{D201E5EC-AA13-451B-BF04-6D93E180E47A}.Release|Any CPU.ActiveCfg = Release|Any CPU
		{D201E5EC-AA13-451B-BF04-6D93E180E47A}.Release|Any CPU.Build.0 = Release|Any CPU
		{9D60E9A6-4CFA-430C-BAE7-2956F6D73EDD}.Debug|Any CPU.ActiveCfg = Debug|Any CPU
		{9D60E9A6-4CFA-430C-BAE7-2956F6D73EDD}.Debug|Any CPU.Build.0 = Debug|Any CPU
		{9D60E9A6-4CFA-430C-BAE7-2956F6D73EDD}.Release|Any CPU.ActiveCfg = Release|Any CPU
		{9D60E9A6-4CFA-430C-BAE7-2956F6D73EDD}.Release|Any CPU.Build.0 = Release|Any CPU
		{C4173431-F5BC-490F-BA1A-4E960B61987F}.Debug|Any CPU.ActiveCfg = Debug|Any CPU
		{C4173431-F5BC-490F-BA1A-4E960B61987F}.Debug|Any CPU.Build.0 = Debug|Any CPU
		{C4173431-F5BC-490F-BA1A-4E960B61987F}.Release|Any CPU.ActiveCfg = Release|Any CPU
		{C4173431-F5BC-490F-BA1A-4E960B61987F}.Release|Any CPU.Build.0 = Release|Any CPU
		{B3220F17-8E19-42FA-A6BD-FDBC3151429A}.Debug|Any CPU.ActiveCfg = Debug|Any CPU
		{B3220F17-8E19-42FA-A6BD-FDBC3151429A}.Debug|Any CPU.Build.0 = Debug|Any CPU
		{B3220F17-8E19-42FA-A6BD-FDBC3151429A}.Release|Any CPU.ActiveCfg = Release|Any CPU
		{B3220F17-8E19-42FA-A6BD-FDBC3151429A}.Release|Any CPU.Build.0 = Release|Any CPU
		{B7B25BC1-21B8-492B-8734-3FFF45E2B63E}.Debug|Any CPU.ActiveCfg = Debug|Any CPU
		{B7B25BC1-21B8-492B-8734-3FFF45E2B63E}.Debug|Any CPU.Build.0 = Debug|Any CPU
		{B7B25BC1-21B8-492B-8734-3FFF45E2B63E}.Release|Any CPU.ActiveCfg = Release|Any CPU
		{B7B25BC1-21B8-492B-8734-3FFF45E2B63E}.Release|Any CPU.Build.0 = Release|Any CPU
		{3BEF4C15-7A57-4624-947C-F09F08BDAAEF}.Debug|Any CPU.ActiveCfg = Debug|Any CPU
		{3BEF4C15-7A57-4624-947C-F09F08BDAAEF}.Debug|Any CPU.Build.0 = Debug|Any CPU
		{3BEF4C15-7A57-4624-947C-F09F08BDAAEF}.Release|Any CPU.ActiveCfg = Release|Any CPU
		{3BEF4C15-7A57-4624-947C-F09F08BDAAEF}.Release|Any CPU.Build.0 = Release|Any CPU
	EndGlobalSection
	GlobalSection(SolutionProperties) = preSolution
		HideSolutionNode = FALSE
	EndGlobalSection
	GlobalSection(ExtensibilityGlobals) = postSolution
		SolutionGuid = {AAF2BEC5-00DF-45C9-A103-BA961006236D}
	EndGlobalSection
EndGlobal
